{
  "name": "live-party-mode",
  "lockfileVersion": 3,
  "requires": true,
  "packages": {
    "": {
      "dependencies": {
        "ky": "^1.9.1"
      }
    },
    "node_modules/ky": {
      "version": "1.9.1",
      "resolved": "https://registry.npmjs.org/ky/-/ky-1.9.1.tgz",
      "integrity": "sha512-WGzpBn57klhxsqRTEABAqF4tqTtqCuxoTIv9m6nIZtMMFTVcrHp7bRDWblzFIfqkb47+OhTztOgHn6A4xItmqg==",
      "license": "MIT",
      "engines": {
        "node": ">=18"
      },
      "funding": {
        "url": "https://github.com/sindresorhus/ky?sponsor=1"
      }
    }
  }
}
